
Microsoft Visual Studio Solution File, Format Version 12.00
# Visual Studio Version 16
VisualStudioVersion = 16.0.31515.178
MinimumVisualStudioVersion = 10.0.40219.1
Project("{FAE04EC0-301F-11D3-BF4B-00C04F79EFBC}") = "IndexerExample", "IndexerExample\IndexerExample.csproj", "{6320F473-18B5-411B-96A9-102E36AE609D}"
EndProject
Global
	GlobalSection(SolutionConfigurationPlatforms) = preSolution
		Debug|Any CPU = Debug|Any CPU
		Release|Any CPU = Release|Any CPU
	EndGlobalSection
	GlobalSection(ProjectConfigurationPlatforms) = postSolution
		{6320F473-18B5-411B-96A9-102E36AE609D}.Debug|Any CPU.ActiveCfg = Debug|Any CPU
		{6320F473-18B5-411B-96A9-102E36AE609D}.Debug|Any CPU.Build.0 = Debug|Any CPU
		{6320F473-18B5-411B-96A9-102E36AE609D}.Release|Any CPU.ActiveCfg = Release|Any CPU
		{6320F473-18B5-411B-96A9-102E36AE609D}.Release|Any CPU.Build.0 = Release|Any CPU
	EndGlobalSection
	GlobalSection(SolutionProperties) = preSolution
		HideSolutionNode = FALSE
	EndGlobalSection
	GlobalSection(ExtensibilityGlobals) = postSolution
		SolutionGuid = {D39EFEA0-CCF2-4FF4-956B-BFF7E3554BE3}
	EndGlobalSection
EndGlobal
